{
  "name": "Search Engine",
  "lockfileVersion": 3,
  "requires": true,
  "packages": {
    "": {
      "dependencies": {
        "@next/env": "^16.3.2"
      }
    },
    "node_modules/@next/env": {
      "version": "16.3.2",
      "resolved": "https://registry.npmjs.org/@next/env/-/env-16.3.2.tgz",
      "integrity": "sha512-8k4YoG8cM7LWlkfzGNYCRBbFNlernLiMw4s0btVl+CmmWqn3VpYypA72/5Feb1UWdxe6tHqr5KHP4p4Y4m9luA==",
      "license": "MIT"
    }
  }
}
